
Microsoft Visual Studio Solution File, Format Version 12.00
# Visual Studio Version 17
VisualStudioVersion = 17.2.32630.192
MinimumVisualStudioVersion = 10.0.40219.1
Project("{9A19103F-16F7-4668-BE54-9A1E7A4F7556}") = "GeometryExam", "GeometryTest\GeometryExam.csproj", "{52B41C8D-E81E-41B0-9754-A3D6B5EE3B85}"
EndProject
Project("{9A19103F-16F7-4668-BE54-9A1E7A4F7556}") = "UnitTests", "UnitTests\UnitTests.csproj", "{905C0920-2C8D-4141-91CC-0320D0B675E2}"
EndProject
Project("{2150E333-8FDC-42A3-9474-1A3956D46DE8}") = "Solution Items", "Solution Items", "{87059FBA-5F45-4D12-8AC8-E0EB78C91808}"
	ProjectSection(SolutionItems) = preProject
		Shapes-49464.json = Shapes-49464.json
	EndProjectSection
EndProject
Global
	GlobalSection(SolutionConfigurationPlatforms) = preSolution
		Debug|Any CPU = Debug|Any CPU
		Release|Any CPU = Release|Any CPU
	EndGlobalSection
	GlobalSection(ProjectConfigurationPlatforms) = postSolution
		{52B41C8D-E81E-41B0-9754-A3D6B5EE3B85}.Debug|Any CPU.ActiveCfg = Debug|Any CPU
		{52B41C8D-E81E-41B0-9754-A3D6B5EE3B85}.Debug|Any CPU.Build.0 = Debug|Any CPU
		{52B41C8D-E81E-41B0-9754-A3D6B5EE3B85}.Release|Any CPU.ActiveCfg = Release|Any CPU
		{52B41C8D-E81E-41B0-9754-A3D6B5EE3B85}.Release|Any CPU.Build.0 = Release|Any CPU
		{905C0920-2C8D-4141-91CC-0320D0B675E2}.Debug|Any CPU.ActiveCfg = Debug|Any CPU
		{905C0920-2C8D-4141-91CC-0320D0B675E2}.Debug|Any CPU.Build.0 = Debug|Any CPU
		{905C0920-2C8D-4141-91CC-0320D0B675E2}.Release|Any CPU.ActiveCfg = Release|Any CPU
		{905C0920-2C8D-4141-91CC-0320D0B675E2}.Release|Any CPU.Build.0 = Release|Any CPU
	EndGlobalSection
	GlobalSection(SolutionProperties) = preSolution
		HideSolutionNode = FALSE
	EndGlobalSection
	GlobalSection(ExtensibilityGlobals) = postSolution
		SolutionGuid = {00DAE170-E9B7-42C2-B170-28B551CCC237}
	EndGlobalSection
EndGlobal
